
Microsoft Visual Studio Solution File, Format Version 12.00
# Visual Studio Version 17
VisualStudioVersion = 17.2.32616.157
MinimumVisualStudioVersion = 10.0.40219.1
Project("{9A19103F-16F7-4668-BE54-9A1E7A4F7556}") = "UnitOfWork", "UnitOfWork\UnitOfWork.csproj", "{FE980A4F-D5EB-4CEF-A04C-EC76E5FE689C}"
EndProject
Project("{FAE04EC0-301F-11D3-BF4B-00C04F79EFBC}") = "UnitOfWorkV2", "UnitOfWorkV2\UnitOfWorkV2.csproj", "{4BB2A408-E419-4E05-8FE1-63FC8CDBF518}"
EndProject
Global
	GlobalSection(SolutionConfigurationPlatforms) = preSolution
		Debug|Any CPU = Debug|Any CPU
		Release|Any CPU = Release|Any CPU
	EndGlobalSection
	GlobalSection(ProjectConfigurationPlatforms) = postSolution
		{FE980A4F-D5EB-4CEF-A04C-EC76E5FE689C}.Debug|Any CPU.ActiveCfg = Debug|Any CPU
		{FE980A4F-D5EB-4CEF-A04C-EC76E5FE689C}.Debug|Any CPU.Build.0 = Debug|Any CPU
		{FE980A4F-D5EB-4CEF-A04C-EC76E5FE689C}.Release|Any CPU.ActiveCfg = Release|Any CPU
		{FE980A4F-D5EB-4CEF-A04C-EC76E5FE689C}.Release|Any CPU.Build.0 = Release|Any CPU
		{4BB2A408-E419-4E05-8FE1-63FC8CDBF518}.Debug|Any CPU.ActiveCfg = Debug|Any CPU
		{4BB2A408-E419-4E05-8FE1-63FC8CDBF518}.Debug|Any CPU.Build.0 = Debug|Any CPU
		{4BB2A408-E419-4E05-8FE1-63FC8CDBF518}.Release|Any CPU.ActiveCfg = Release|Any CPU
		{4BB2A408-E419-4E05-8FE1-63FC8CDBF518}.Release|Any CPU.Build.0 = Release|Any CPU
	EndGlobalSection
	GlobalSection(SolutionProperties) = preSolution
		HideSolutionNode = FALSE
	EndGlobalSection
	GlobalSection(ExtensibilityGlobals) = postSolution
		SolutionGuid = {4B3C7BD7-DC4C-4611-B1D7-804AF2E21458}
	EndGlobalSection
EndGlobal
